
Microsoft Visual Studio Solution File, Format Version 12.00
# Visual Studio 2013
VisualStudioVersion = 12.0.21005.1
MinimumVisualStudioVersion = 10.0.40219.1
Project("{FAE04EC0-301F-11D3-BF4B-00C04F79EFBC}") = "SharpDelegates", "SharpDelegates\SharpDelegates.csproj", "{7F9F3818-2277-4348-9C7C-D9D71C14735C}"
EndProject
Project("{FAE04EC0-301F-11D3-BF4B-00C04F79EFBC}") = "SharpDelegatesTests", "SharpDelegatesTests\SharpDelegatesTests.csproj", "{F070D3B3-F386-4963-BFCE-7749F0C2ED88}"
EndProject
Global
	GlobalSection(SolutionConfigurationPlatforms) = preSolution
		Debug|Any CPU = Debug|Any CPU
		Release|Any CPU = Release|Any CPU
	EndGlobalSection
	GlobalSection(ProjectConfigurationPlatforms) = postSolution
		{7F9F3818-2277-4348-9C7C-D9D71C14735C}.Debug|Any CPU.ActiveCfg = Debug|Any CPU
		{7F9F3818-2277-4348-9C7C-D9D71C14735C}.Debug|Any CPU.Build.0 = Debug|Any CPU
		{7F9F3818-2277-4348-9C7C-D9D71C14735C}.Release|Any CPU.ActiveCfg = Release|Any CPU
		{7F9F3818-2277-4348-9C7C-D9D71C14735C}.Release|Any CPU.Build.0 = Release|Any CPU
		{F070D3B3-F386-4963-BFCE-7749F0C2ED88}.Debug|Any CPU.ActiveCfg = Debug|Any CPU
		{F070D3B3-F386-4963-BFCE-7749F0C2ED88}.Debug|Any CPU.Build.0 = Debug|Any CPU
		{F070D3B3-F386-4963-BFCE-7749F0C2ED88}.Release|Any CPU.ActiveCfg = Release|Any CPU
		{F070D3B3-F386-4963-BFCE-7749F0C2ED88}.Release|Any CPU.Build.0 = Release|Any CPU
	EndGlobalSection
	GlobalSection(SolutionProperties) = preSolution
		HideSolutionNode = FALSE
	EndGlobalSection
EndGlobal
